
Microsoft Visual Studio Solution File, Format Version 12.00
# Visual Studio Version 17
VisualStudioVersion = 17.6.33815.320
MinimumVisualStudioVersion = 10.0.40219.1
Project("{8BC9CEB8-8B4A-11D0-8D11-00A0C91BC942}") = "函数", "函数.vcxproj", "{1123784C-A5C0-453F-86C4-B8D8F21CC71B}"
EndProject
Global
	GlobalSection(SolutionConfigurationPlatforms) = preSolution
		Debug|x64 = Debug|x64
		Debug|x86 = Debug|x86
		Release|x64 = Release|x64
		Release|x86 = Release|x86
	EndGlobalSection
	GlobalSection(ProjectConfigurationPlatforms) = postSolution
		{1123784C-A5C0-453F-86C4-B8D8F21CC71B}.Debug|x64.ActiveCfg = Debug|x64
		{1123784C-A5C0-453F-86C4-B8D8F21CC71B}.Debug|x64.Build.0 = Debug|x64
		{1123784C-A5C0-453F-86C4-B8D8F21CC71B}.Debug|x86.ActiveCfg = Debug|Win32
		{1123784C-A5C0-453F-86C4-B8D8F21CC71B}.Debug|x86.Build.0 = Debug|Win32
		{1123784C-A5C0-453F-86C4-B8D8F21CC71B}.Release|x64.ActiveCfg = Release|x64
		{1123784C-A5C0-453F-86C4-B8D8F21CC71B}.Release|x64.Build.0 = Release|x64
		{1123784C-A5C0-453F-86C4-B8D8F21CC71B}.Release|x86.ActiveCfg = Release|Win32
		{1123784C-A5C0-453F-86C4-B8D8F21CC71B}.Release|x86.Build.0 = Release|Win32
	EndGlobalSection
	GlobalSection(SolutionProperties) = preSolution
		HideSolutionNode = FALSE
	EndGlobalSection
	GlobalSection(ExtensibilityGlobals) = postSolution
		SolutionGuid = {D2920698-B634-4669-8EEF-486EEE803FB2}
	EndGlobalSection
EndGlobal
