
Microsoft Visual Studio Solution File, Format Version 12.00
# Visual Studio Version 17
VisualStudioVersion = 17.7.34031.279
MinimumVisualStudioVersion = 10.0.40219.1
Project("{8BC9CEB8-8B4A-11D0-8D11-00A0C91BC942}") = "IO stream", "IO stream.vcxproj", "{1AD058F8-6D28-4AE2-B0A4-A938FAF51E9C}"
EndProject
Global
	GlobalSection(SolutionConfigurationPlatforms) = preSolution
		Debug|x64 = Debug|x64
		Debug|x86 = Debug|x86
		Release|x64 = Release|x64
		Release|x86 = Release|x86
	EndGlobalSection
	GlobalSection(ProjectConfigurationPlatforms) = postSolution
		{1AD058F8-6D28-4AE2-B0A4-A938FAF51E9C}.Debug|x64.ActiveCfg = Debug|x64
		{1AD058F8-6D28-4AE2-B0A4-A938FAF51E9C}.Debug|x64.Build.0 = Debug|x64
		{1AD058F8-6D28-4AE2-B0A4-A938FAF51E9C}.Debug|x86.ActiveCfg = Debug|Win32
		{1AD058F8-6D28-4AE2-B0A4-A938FAF51E9C}.Debug|x86.Build.0 = Debug|Win32
		{1AD058F8-6D28-4AE2-B0A4-A938FAF51E9C}.Release|x64.ActiveCfg = Release|x64
		{1AD058F8-6D28-4AE2-B0A4-A938FAF51E9C}.Release|x64.Build.0 = Release|x64
		{1AD058F8-6D28-4AE2-B0A4-A938FAF51E9C}.Release|x86.ActiveCfg = Release|Win32
		{1AD058F8-6D28-4AE2-B0A4-A938FAF51E9C}.Release|x86.Build.0 = Release|Win32
	EndGlobalSection
	GlobalSection(SolutionProperties) = preSolution
		HideSolutionNode = FALSE
	EndGlobalSection
	GlobalSection(ExtensibilityGlobals) = postSolution
		SolutionGuid = {488C4398-3D2D-438F-9EEF-640C8BD71A5A}
	EndGlobalSection
EndGlobal
