
Microsoft Visual Studio Solution File, Format Version 12.00
# Visual Studio Version 17
VisualStudioVersion = 17.6.33815.320
MinimumVisualStudioVersion = 10.0.40219.1
Project("{8BC9CEB8-8B4A-11D0-8D11-00A0C91BC942}") = "头文件", "头文件.vcxproj", "{C0BBC385-EE2C-48D1-A578-596703238361}"
EndProject
Global
	GlobalSection(SolutionConfigurationPlatforms) = preSolution
		Debug|x64 = Debug|x64
		Debug|x86 = Debug|x86
		Release|x64 = Release|x64
		Release|x86 = Release|x86
	EndGlobalSection
	GlobalSection(ProjectConfigurationPlatforms) = postSolution
		{C0BBC385-EE2C-48D1-A578-596703238361}.Debug|x64.ActiveCfg = Debug|x64
		{C0BBC385-EE2C-48D1-A578-596703238361}.Debug|x64.Build.0 = Debug|x64
		{C0BBC385-EE2C-48D1-A578-596703238361}.Debug|x86.ActiveCfg = Debug|Win32
		{C0BBC385-EE2C-48D1-A578-596703238361}.Debug|x86.Build.0 = Debug|Win32
		{C0BBC385-EE2C-48D1-A578-596703238361}.Release|x64.ActiveCfg = Release|x64
		{C0BBC385-EE2C-48D1-A578-596703238361}.Release|x64.Build.0 = Release|x64
		{C0BBC385-EE2C-48D1-A578-596703238361}.Release|x86.ActiveCfg = Release|Win32
		{C0BBC385-EE2C-48D1-A578-596703238361}.Release|x86.Build.0 = Release|Win32
	EndGlobalSection
	GlobalSection(SolutionProperties) = preSolution
		HideSolutionNode = FALSE
	EndGlobalSection
	GlobalSection(ExtensibilityGlobals) = postSolution
		SolutionGuid = {92B5DD8D-671F-440D-947E-428696A1FD5B}
	EndGlobalSection
EndGlobal
